
Microsoft Visual Studio Solution File, Format Version 12.00
# Visual Studio Version 16
VisualStudioVersion = 16.0.29920.165
MinimumVisualStudioVersion = 10.0.40219.1
Project("{FAE04EC0-301F-11D3-BF4B-00C04F79EFBC}") = "Cmp2XmlFiles", "Cmp2XmlFiles\Cmp2XmlFiles.csproj", "{492FC731-E638-4888-B005-43D082A59989}"
EndProject
Global
	GlobalSection(SolutionConfigurationPlatforms) = preSolution
		Debug|Any CPU = Debug|Any CPU
		Release|Any CPU = Release|Any CPU
	EndGlobalSection
	GlobalSection(ProjectConfigurationPlatforms) = postSolution
		{492FC731-E638-4888-B005-43D082A59989}.Debug|Any CPU.ActiveCfg = Debug|Any CPU
		{492FC731-E638-4888-B005-43D082A59989}.Debug|Any CPU.Build.0 = Debug|Any CPU
		{492FC731-E638-4888-B005-43D082A59989}.Release|Any CPU.ActiveCfg = Release|Any CPU
		{492FC731-E638-4888-B005-43D082A59989}.Release|Any CPU.Build.0 = Release|Any CPU
	EndGlobalSection
	GlobalSection(SolutionProperties) = preSolution
		HideSolutionNode = FALSE
	EndGlobalSection
	GlobalSection(ExtensibilityGlobals) = postSolution
		SolutionGuid = {6AAC9C4A-C38F-4705-9F2C-E5D3E21BB168}
	EndGlobalSection
EndGlobal
